
Microsoft Visual Studio Solution File, Format Version 12.00
# Visual Studio Version 17
VisualStudioVersion = 17.0.31903.59
MinimumVisualStudioVersion = 10.0.40219.1
Project("{FAE04EC0-301F-11D3-BF4B-00C04F79EFBC}") = "Ejercicio2", "Ejercicio2\Ejercicio2.csproj", "{B8B81B67-1E5C-472F-BEE6-5D478A787B4F}"
EndProject
Project("{FAE04EC0-301F-11D3-BF4B-00C04F79EFBC}") = "ControlDeFlujo", "ControlDeFlujo\ControlDeFlujo.csproj", "{94B910E8-EF0F-4ECD-8E85-E964D94F9B0E}"
EndProject
Global
	GlobalSection(SolutionConfigurationPlatforms) = preSolution
		Debug|Any CPU = Debug|Any CPU
		Debug|x64 = Debug|x64
		Debug|x86 = Debug|x86
		Release|Any CPU = Release|Any CPU
		Release|x64 = Release|x64
		Release|x86 = Release|x86
	EndGlobalSection
	GlobalSection(ProjectConfigurationPlatforms) = postSolution
		{B8B81B67-1E5C-472F-BEE6-5D478A787B4F}.Debug|Any CPU.ActiveCfg = Debug|Any CPU
		{B8B81B67-1E5C-472F-BEE6-5D478A787B4F}.Debug|Any CPU.Build.0 = Debug|Any CPU
		{B8B81B67-1E5C-472F-BEE6-5D478A787B4F}.Debug|x64.ActiveCfg = Debug|Any CPU
		{B8B81B67-1E5C-472F-BEE6-5D478A787B4F}.Debug|x64.Build.0 = Debug|Any CPU
		{B8B81B67-1E5C-472F-BEE6-5D478A787B4F}.Debug|x86.ActiveCfg = Debug|Any CPU
		{B8B81B67-1E5C-472F-BEE6-5D478A787B4F}.Debug|x86.Build.0 = Debug|Any CPU
		{B8B81B67-1E5C-472F-BEE6-5D478A787B4F}.Release|Any CPU.ActiveCfg = Release|Any CPU
		{B8B81B67-1E5C-472F-BEE6-5D478A787B4F}.Release|Any CPU.Build.0 = Release|Any CPU
		{B8B81B67-1E5C-472F-BEE6-5D478A787B4F}.Release|x64.ActiveCfg = Release|Any CPU
		{B8B81B67-1E5C-472F-BEE6-5D478A787B4F}.Release|x64.Build.0 = Release|Any CPU
		{B8B81B67-1E5C-472F-BEE6-5D478A787B4F}.Release|x86.ActiveCfg = Release|Any CPU
		{B8B81B67-1E5C-472F-BEE6-5D478A787B4F}.Release|x86.Build.0 = Release|Any CPU
		{94B910E8-EF0F-4ECD-8E85-E964D94F9B0E}.Debug|Any CPU.ActiveCfg = Debug|Any CPU
		{94B910E8-EF0F-4ECD-8E85-E964D94F9B0E}.Debug|Any CPU.Build.0 = Debug|Any CPU
		{94B910E8-EF0F-4ECD-8E85-E964D94F9B0E}.Debug|x64.ActiveCfg = Debug|Any CPU
		{94B910E8-EF0F-4ECD-8E85-E964D94F9B0E}.Debug|x64.Build.0 = Debug|Any CPU
		{94B910E8-EF0F-4ECD-8E85-E964D94F9B0E}.Debug|x86.ActiveCfg = Debug|Any CPU
		{94B910E8-EF0F-4ECD-8E85-E964D94F9B0E}.Debug|x86.Build.0 = Debug|Any CPU
		{94B910E8-EF0F-4ECD-8E85-E964D94F9B0E}.Release|Any CPU.ActiveCfg = Release|Any CPU
		{94B910E8-EF0F-4ECD-8E85-E964D94F9B0E}.Release|Any CPU.Build.0 = Release|Any CPU
		{94B910E8-EF0F-4ECD-8E85-E964D94F9B0E}.Release|x64.ActiveCfg = Release|Any CPU
		{94B910E8-EF0F-4ECD-8E85-E964D94F9B0E}.Release|x64.Build.0 = Release|Any CPU
		{94B910E8-EF0F-4ECD-8E85-E964D94F9B0E}.Release|x86.ActiveCfg = Release|Any CPU
		{94B910E8-EF0F-4ECD-8E85-E964D94F9B0E}.Release|x86.Build.0 = Release|Any CPU
	EndGlobalSection
	GlobalSection(SolutionProperties) = preSolution
		HideSolutionNode = FALSE
	EndGlobalSection
EndGlobal
