
Microsoft Visual Studio Solution File, Format Version 12.00
# Visual Studio Version 17
VisualStudioVersion = 17.5.33516.290
MinimumVisualStudioVersion = 10.0.40219.1
Project("{FAE04EC0-301F-11D3-BF4B-00C04F79EFBC}") = "Azure_Face", "Azure_Face\Azure_Face.csproj", "{671EFFF2-6A47-4B66-A119-91F35969028E}"
EndProject
Global
	GlobalSection(SolutionConfigurationPlatforms) = preSolution
		Debug|Any CPU = Debug|Any CPU
		Release|Any CPU = Release|Any CPU
	EndGlobalSection
	GlobalSection(ProjectConfigurationPlatforms) = postSolution
		{671EFFF2-6A47-4B66-A119-91F35969028E}.Debug|Any CPU.ActiveCfg = Debug|Any CPU
		{671EFFF2-6A47-4B66-A119-91F35969028E}.Debug|Any CPU.Build.0 = Debug|Any CPU
		{671EFFF2-6A47-4B66-A119-91F35969028E}.Release|Any CPU.ActiveCfg = Release|Any CPU
		{671EFFF2-6A47-4B66-A119-91F35969028E}.Release|Any CPU.Build.0 = Release|Any CPU
	EndGlobalSection
	GlobalSection(SolutionProperties) = preSolution
		HideSolutionNode = FALSE
	EndGlobalSection
	GlobalSection(ExtensibilityGlobals) = postSolution
		SolutionGuid = {E3038C0C-8618-44FF-8C30-38AFF640D668}
	EndGlobalSection
EndGlobal
